
Microsoft Visual Studio Solution File, Format Version 12.00
# Visual Studio Version 17
VisualStudioVersion = 17.3.32929.385
MinimumVisualStudioVersion = 10.0.40219.1
Project("{9A19103F-16F7-4668-BE54-9A1E7A4F7556}") = "xmlSettingFile_Singleton", "xmlSettingFile\xmlSettingFile_Singleton.csproj", "{A20BA33E-0C25-4782-AC1D-F855EAF97410}"
EndProject
Global
	GlobalSection(SolutionConfigurationPlatforms) = preSolution
		Debug|Any CPU = Debug|Any CPU
		Release|Any CPU = Release|Any CPU
	EndGlobalSection
	GlobalSection(ProjectConfigurationPlatforms) = postSolution
		{A20BA33E-0C25-4782-AC1D-F855EAF97410}.Debug|Any CPU.ActiveCfg = Debug|Any CPU
		{A20BA33E-0C25-4782-AC1D-F855EAF97410}.Debug|Any CPU.Build.0 = Debug|Any CPU
		{A20BA33E-0C25-4782-AC1D-F855EAF97410}.Release|Any CPU.ActiveCfg = Release|Any CPU
		{A20BA33E-0C25-4782-AC1D-F855EAF97410}.Release|Any CPU.Build.0 = Release|Any CPU
	EndGlobalSection
	GlobalSection(SolutionProperties) = preSolution
		HideSolutionNode = FALSE
	EndGlobalSection
	GlobalSection(ExtensibilityGlobals) = postSolution
		SolutionGuid = {1BECD59A-644B-4927-B9D5-CEBC6072658E}
	EndGlobalSection
EndGlobal
