
Microsoft Visual Studio Solution File, Format Version 12.00
# Visual Studio Version 17
VisualStudioVersion = 17.3.32929.385
MinimumVisualStudioVersion = 10.0.40219.1
Project("{FAE04EC0-301F-11D3-BF4B-00C04F79EFBC}") = "delegate_basic", "delegate_basic\delegate_basic.csproj", "{0AAFC210-08C2-45A2-B913-6EDD68B555B0}"
EndProject
Global
	GlobalSection(SolutionConfigurationPlatforms) = preSolution
		Debug|Any CPU = Debug|Any CPU
		Release|Any CPU = Release|Any CPU
	EndGlobalSection
	GlobalSection(ProjectConfigurationPlatforms) = postSolution
		{0AAFC210-08C2-45A2-B913-6EDD68B555B0}.Debug|Any CPU.ActiveCfg = Debug|Any CPU
		{0AAFC210-08C2-45A2-B913-6EDD68B555B0}.Debug|Any CPU.Build.0 = Debug|Any CPU
		{0AAFC210-08C2-45A2-B913-6EDD68B555B0}.Release|Any CPU.ActiveCfg = Release|Any CPU
		{0AAFC210-08C2-45A2-B913-6EDD68B555B0}.Release|Any CPU.Build.0 = Release|Any CPU
	EndGlobalSection
	GlobalSection(SolutionProperties) = preSolution
		HideSolutionNode = FALSE
	EndGlobalSection
	GlobalSection(ExtensibilityGlobals) = postSolution
		SolutionGuid = {0DD830DC-0A7E-4FA7-87D1-98D2E1E673BD}
	EndGlobalSection
EndGlobal
